Microsoft Visual Studio Solution File, Format Version 12.00
# Visual Studio 14
VisualStudioVersion = 14.0.22823.1
MinimumVisualStudioVersion = 10.0.40219.1
Project("{FAE04EC0-301F-11D3-BF4B-00C04F79EFBC}") = "Summae", "Summae\Summae.csproj", "{E38331DE-7718-4949-ACAB-7E3911BB0C21}"
EndProject
Project("{FAE04EC0-301F-11D3-BF4B-00C04F79EFBC}") = "Summae-Executor", "Summae-Executor\Summae-Executor.csproj", "{04696222-8A25-496D-B4BB-80D5D7A025A9}"
EndProject
Project("{FAE04EC0-301F-11D3-BF4B-00C04F79EFBC}") = "Summae-Console", "Summae-Console\Summae-Console.csproj", "{B055E279-8380-4448-8A2B-26CF02B632E9}"
EndProject
Project("{FAE04EC0-301F-11D3-BF4B-00C04F79EFBC}") = "Summae-Settings", "Summae-Settings\Summae-Settings.csproj", "{D76948B4-9293-4791-AD4F-7780E4238F26}"
EndProject
Global
	GlobalSection(SolutionConfigurationPlatforms) = preSolution
		Debug|Any CPU = Debug|Any CPU
		Release|Any CPU = Release|Any CPU
	EndGlobalSection
	GlobalSection(ProjectConfigurationPlatforms) = postSolution
		{E38331DE-7718-4949-ACAB-7E3911BB0C21}.Debug|Any CPU.ActiveCfg = Debug|Any CPU
		{E38331DE-7718-4949-ACAB-7E3911BB0C21}.Debug|Any CPU.Build.0 = Debug|Any CPU
		{E38331DE-7718-4949-ACAB-7E3911BB0C21}.Release|Any CPU.ActiveCfg = Release|Any CPU
		{E38331DE-7718-4949-ACAB-7E3911BB0C21}.Release|Any CPU.Build.0 = Release|Any CPU
		{04696222-8A25-496D-B4BB-80D5D7A025A9}.Debug|Any CPU.ActiveCfg = Debug|Any CPU
		{04696222-8A25-496D-B4BB-80D5D7A025A9}.Debug|Any CPU.Build.0 = Debug|Any CPU
		{04696222-8A25-496D-B4BB-80D5D7A025A9}.Release|Any CPU.ActiveCfg = Release|Any CPU
		{04696222-8A25-496D-B4BB-80D5D7A025A9}.Release|Any CPU.Build.0 = Release|Any CPU
		{B055E279-8380-4448-8A2B-26CF02B632E9}.Debug|Any CPU.ActiveCfg = Debug|Any CPU
		{B055E279-8380-4448-8A2B-26CF02B632E9}.Debug|Any CPU.Build.0 = Debug|Any CPU
		{B055E279-8380-4448-8A2B-26CF02B632E9}.Release|Any CPU.ActiveCfg = Release|Any CPU
		{B055E279-8380-4448-8A2B-26CF02B632E9}.Release|Any CPU.Build.0 = Release|Any CPU
		{D76948B4-9293-4791-AD4F-7780E4238F26}.Debug|Any CPU.ActiveCfg = Debug|Any CPU
		{D76948B4-9293-4791-AD4F-7780E4238F26}.Debug|Any CPU.Build.0 = Debug|Any CPU
		{D76948B4-9293-4791-AD4F-7780E4238F26}.Release|Any CPU.ActiveCfg = Release|Any CPU
		{D76948B4-9293-4791-AD4F-7780E4238F26}.Release|Any CPU.Build.0 = Release|Any CPU
	EndGlobalSection
	GlobalSection(SolutionProperties) = preSolution
		HideSolutionNode = FALSE
	EndGlobalSection
EndGlobal
