Microsoft Visual Studio Solution File, Format Version 12.00
# Visual Studio 14
VisualStudioVersion = 14.0.24720.0
MinimumVisualStudioVersion = 10.0.40219.1
Project("{FAE04EC0-301F-11D3-BF4B-00C04F79EFBC}") = "Summae", "Summae\Summae.csproj", "{E38331DE-7718-4949-ACAB-7E3911BB0C21}"
EndProject
Project("{FAE04EC0-301F-11D3-BF4B-00C04F79EFBC}") = "Summae.Console", "Summae.Console\Summae.Console.csproj", "{B055E279-8380-4448-8A2B-26CF02B632E9}"
EndProject
Global
	GlobalSection(SolutionConfigurationPlatforms) = preSolution
		Debug|Any CPU = Debug|Any CPU
		Release|Any CPU = Release|Any CPU
	EndGlobalSection
	GlobalSection(ProjectConfigurationPlatforms) = postSolution
		{E38331DE-7718-4949-ACAB-7E3911BB0C21}.Debug|Any CPU.ActiveCfg = Debug|Any CPU
		{E38331DE-7718-4949-ACAB-7E3911BB0C21}.Debug|Any CPU.Build.0 = Debug|Any CPU
		{E38331DE-7718-4949-ACAB-7E3911BB0C21}.Release|Any CPU.ActiveCfg = Release|Any CPU
		{E38331DE-7718-4949-ACAB-7E3911BB0C21}.Release|Any CPU.Build.0 = Release|Any CPU
		{B055E279-8380-4448-8A2B-26CF02B632E9}.Debug|Any CPU.ActiveCfg = Debug|Any CPU
		{B055E279-8380-4448-8A2B-26CF02B632E9}.Debug|Any CPU.Build.0 = Debug|Any CPU
		{B055E279-8380-4448-8A2B-26CF02B632E9}.Release|Any CPU.ActiveCfg = Release|Any CPU
		{B055E279-8380-4448-8A2B-26CF02B632E9}.Release|Any CPU.Build.0 = Release|Any CPU
	EndGlobalSection
	GlobalSection(SolutionProperties) = preSolution
		HideSolutionNode = FALSE
	EndGlobalSection
EndGlobal
